# This file is automatically @generated by Poetry and should not be changed by hand.

[[package]]
name = "httpx"
version = "0.27.2"
description = "The next generation HTTP client."
optional = false
python-versions = ">=3.8"
groups = ["main"]
files = [
    {file = "httpx-0.27.2-py3-none-any.whl", hash = "sha256:1111111111111111111111111111111111111111111111111111111111111111"},
]

[[package]]
name = "pendulum"
version = "3.0.0"
description = "Python datetimes made easy"
optional = true
python-versions = ">=3.9"
groups = ["main"]
files = []

[metadata]
lock-version = "2.0"
python-versions = "^3.11"
content-hash = "2222222222222222222222222222222222222222222222222222222222222222"
