version = 1
revision = 1
requires-python = ">=3.11"

[[package]]
name = "uv-fixture"
version = "0.1.0"
source = { virtual = "." }
dependencies = [{ name = "httpx" }]

[[package]]
name = "httpx"
version = "0.27.2"
source = { registry = "https://pypi.org/simple" }
sdist = { url = "https://files.pythonhosted.org/packages/httpx-0.27.2.tar.gz", hash = "sha256:0123456789abcdef0123456789abcdef0123456789abcdef0123456789abcdef", size = 1 }
