lockfileVersion: '9.0'
importers:
  .:
    dependencies:
      left-pad:
        specifier: ^1.3.0
        version: 1.3.0
      '@scope/pkg':
        specifier: ~2.0.0
        version: 2.0.1
packages:
  left-pad@1.3.0:
    resolution:
      integrity: sha512-bGVmdC1wYWQ=
  '@scope/pkg@2.0.1':
    resolution:
      integrity: sha256-c2NvcGVk
      tarball: https://registry.example.test/@scope/pkg/-/pkg-2.0.1.tgz
